
Microsoft Visual Studio Solution File, Format Version 12.00
# Visual Studio Version 16
Project("{2150E333-8FDC-42A3-9474-1A3956D46DE8}") = "CMakePredefinedTargets", "CMakePredefinedTargets", "{DFD6ECA1-8BEC-3FD0-B95E-E130C4C79C86}"
EndProject
Project("{2150E333-8FDC-42A3-9474-1A3956D46DE8}") = "GLFW3", "GLFW3", "{26E594F6-A252-309D-BD89-E7D9A3E8C340}"
EndProject
Project("{2150E333-8FDC-42A3-9474-1A3956D46DE8}") = "Examples", "GLFW3\Examples", "{D6726C1B-3611-3DAE-BB91-447D81FC5451}"
EndProject
Project("{2150E333-8FDC-42A3-9474-1A3956D46DE8}") = "Tests", "GLFW3\Tests", "{7CA3CD1D-9095-32DF-8336-9CF21414F4AE}"
EndProject
Project("{8BC9CEB8-8B4A-11D0-8D11-00A0C91BC942}") = "ALL_BUILD", "ALL_BUILD.vcxproj", "{BCED275B-7445-3815-AAAF-4C7504335E31}"
	ProjectSection(ProjectDependencies) = postProject
		{28FB5270-2AEC-3C7C-81B4-EDDE9614BC23} = {28FB5270-2AEC-3C7C-81B4-EDDE9614BC23}
		{84518B4A-A4F3-3EBE-BD69-A607D5596BC9} = {84518B4A-A4F3-3EBE-BD69-A607D5596BC9}
		{75BEC9DB-1DC5-3683-A556-11AC26EAAFB4} = {75BEC9DB-1DC5-3683-A556-11AC26EAAFB4}
		{BC78332E-5A92-3486-A26D-AB2613E762D6} = {BC78332E-5A92-3486-A26D-AB2613E762D6}
		{08FD51B7-25E4-3B07-A38D-B2D3FD562C76} = {08FD51B7-25E4-3B07-A38D-B2D3FD562C76}
		{F7ABB7A9-BA1F-3D53-8EE4-A799A668BA53} = {F7ABB7A9-BA1F-3D53-8EE4-A799A668BA53}
		{A8C92DE7-7085-3962-A9F6-91BB1CE6AA14} = {A8C92DE7-7085-3962-A9F6-91BB1CE6AA14}
		{FF63DB0F-C7BC-3C1C-9D1F-F76E05169E06} = {FF63DB0F-C7BC-3C1C-9D1F-F76E05169E06}
		{747BF0E8-63A0-3D1D-B116-2A1A2EBBF9C2} = {747BF0E8-63A0-3D1D-B116-2A1A2EBBF9C2}
		{43E21F04-D2C6-363C-886B-C3210FCC9AF7} = {43E21F04-D2C6-363C-886B-C3210FCC9AF7}
		{2483EA3E-0CEF-3789-8C77-F594DE3C5A80} = {2483EA3E-0CEF-3789-8C77-F594DE3C5A80}
		{D0EA2183-A82B-35C7-AA9F-D3306A480BA8} = {D0EA2183-A82B-35C7-AA9F-D3306A480BA8}
		{9C1336CF-2234-3859-94CD-C372E1498107} = {9C1336CF-2234-3859-94CD-C372E1498107}
		{E1ABADB2-12B4-328B-9777-990408765FA2} = {E1ABADB2-12B4-328B-9777-990408765FA2}
		{17F4FF9C-E7C2-3CF2-8B20-FA5D991637C3} = {17F4FF9C-E7C2-3CF2-8B20-FA5D991637C3}
		{2EB818D0-E685-38FD-AEA8-4955F32EFBB3} = {2EB818D0-E685-38FD-AEA8-4955F32EFBB3}
		{917FC86F-9767-381C-BE6F-0B0AB50D895B} = {917FC86F-9767-381C-BE6F-0B0AB50D895B}
		{99DBA4CE-723F-3F86-B1F0-F17B63092A2F} = {99DBA4CE-723F-3F86-B1F0-F17B63092A2F}
		{0A27B54C-6DDD-3FDE-A102-84845D51FFCC} = {0A27B54C-6DDD-3FDE-A102-84845D51FFCC}
		{FE253D4E-17FF-333F-BD6B-C495F803F044} = {FE253D4E-17FF-333F-BD6B-C495F803F044}
		{E537E081-95C5-3F65-9620-D7CD4578FD7B} = {E537E081-95C5-3F65-9620-D7CD4578FD7B}
		{EBC5210D-99AE-36E9-A963-47AD2976D3BF} = {EBC5210D-99AE-36E9-A963-47AD2976D3BF}
		{C836F26B-4851-38D4-83DB-6D3C3A16256C} = {C836F26B-4851-38D4-83DB-6D3C3A16256C}
		{DA9AD6A9-8AA3-3DE6-9484-3A00F94CC4AE} = {DA9AD6A9-8AA3-3DE6-9484-3A00F94CC4AE}
		{9D28FFD3-20B3-3410-9BDD-D4C6CAA664A9} = {9D28FFD3-20B3-3410-9BDD-D4C6CAA664A9}
		{1725B873-9EA5-3B8F-8AE5-1133444D9BE7} = {1725B873-9EA5-3B8F-8AE5-1133444D9BE7}
		{5709F02A-86E0-35D6-8B50-44D4564D6B98} = {5709F02A-86E0-35D6-8B50-44D4564D6B98}
		{36DFFA72-7738-33CD-9526-07CCFD80A38A} = {36DFFA72-7738-33CD-9526-07CCFD80A38A}
		{4378B82E-F188-303C-A4B9-13D0CC9F61CB} = {4378B82E-F188-303C-A4B9-13D0CC9F61CB}
		{977CF379-6DE4-3CCD-A08A-E4E56E4717A5} = {977CF379-6DE4-3CCD-A08A-E4E56E4717A5}
		{9E6EEF32-11FB-37C2-AE99-EB6AEA751E4E} = {9E6EEF32-11FB-37C2-AE99-EB6AEA751E4E}
	EndProjectSection
EndProject
Project("{8BC9CEB8-8B4A-11D0-8D11-00A0C91BC942}") = "INSTALL", "INSTALL.vcxproj", "{ACBC5E01-C5E7-3429-91C9-B191FAAAC32E}"
	ProjectSection(ProjectDependencies) = postProject
		{BCED275B-7445-3815-AAAF-4C7504335E31} = {BCED275B-7445-3815-AAAF-4C7504335E31}
		{28FB5270-2AEC-3C7C-81B4-EDDE9614BC23} = {28FB5270-2AEC-3C7C-81B4-EDDE9614BC23}
	EndProjectSection
EndProject
Project("{8BC9CEB8-8B4A-11D0-8D11-00A0C91BC942}") = "ZERO_CHECK", "ZERO_CHECK.vcxproj", "{28FB5270-2AEC-3C7C-81B4-EDDE9614BC23}"
	ProjectSection(ProjectDependencies) = postProject
	EndProjectSection
EndProject
Project("{8BC9CEB8-8B4A-11D0-8D11-00A0C91BC942}") = "boing", "examples\boing.vcxproj", "{84518B4A-A4F3-3EBE-BD69-A607D5596BC9}"
	ProjectSection(ProjectDependencies) = postProject
		{28FB5270-2AEC-3C7C-81B4-EDDE9614BC23} = {28FB5270-2AEC-3C7C-81B4-EDDE9614BC23}
		{747BF0E8-63A0-3D1D-B116-2A1A2EBBF9C2} = {747BF0E8-63A0-3D1D-B116-2A1A2EBBF9C2}
	EndProjectSection
EndProject
Project("{8BC9CEB8-8B4A-11D0-8D11-00A0C91BC942}") = "clipboard", "tests\clipboard.vcxproj", "{75BEC9DB-1DC5-3683-A556-11AC26EAAFB4}"
	ProjectSection(ProjectDependencies) = postProject
		{28FB5270-2AEC-3C7C-81B4-EDDE9614BC23} = {28FB5270-2AEC-3C7C-81B4-EDDE9614BC23}
		{747BF0E8-63A0-3D1D-B116-2A1A2EBBF9C2} = {747BF0E8-63A0-3D1D-B116-2A1A2EBBF9C2}
	EndProjectSection
EndProject
Project("{8BC9CEB8-8B4A-11D0-8D11-00A0C91BC942}") = "cursor", "tests\cursor.vcxproj", "{BC78332E-5A92-3486-A26D-AB2613E762D6}"
	ProjectSection(ProjectDependencies) = postProject
		{28FB5270-2AEC-3C7C-81B4-EDDE9614BC23} = {28FB5270-2AEC-3C7C-81B4-EDDE9614BC23}
		{747BF0E8-63A0-3D1D-B116-2A1A2EBBF9C2} = {747BF0E8-63A0-3D1D-B116-2A1A2EBBF9C2}
	EndProjectSection
EndProject
Project("{8BC9CEB8-8B4A-11D0-8D11-00A0C91BC942}") = "empty", "tests\empty.vcxproj", "{08FD51B7-25E4-3B07-A38D-B2D3FD562C76}"
	ProjectSection(ProjectDependencies) = postProject
		{28FB5270-2AEC-3C7C-81B4-EDDE9614BC23} = {28FB5270-2AEC-3C7C-81B4-EDDE9614BC23}
		{747BF0E8-63A0-3D1D-B116-2A1A2EBBF9C2} = {747BF0E8-63A0-3D1D-B116-2A1A2EBBF9C2}
	EndProjectSection
EndProject
Project("{8BC9CEB8-8B4A-11D0-8D11-00A0C91BC942}") = "events", "tests\events.vcxproj", "{F7ABB7A9-BA1F-3D53-8EE4-A799A668BA53}"
	ProjectSection(ProjectDependencies) = postProject
		{28FB5270-2AEC-3C7C-81B4-EDDE9614BC23} = {28FB5270-2AEC-3C7C-81B4-EDDE9614BC23}
		{747BF0E8-63A0-3D1D-B116-2A1A2EBBF9C2} = {747BF0E8-63A0-3D1D-B116-2A1A2EBBF9C2}
	EndProjectSection
EndProject
Project("{8BC9CEB8-8B4A-11D0-8D11-00A0C91BC942}") = "gamma", "tests\gamma.vcxproj", "{A8C92DE7-7085-3962-A9F6-91BB1CE6AA14}"
	ProjectSection(ProjectDependencies) = postProject
		{28FB5270-2AEC-3C7C-81B4-EDDE9614BC23} = {28FB5270-2AEC-3C7C-81B4-EDDE9614BC23}
		{747BF0E8-63A0-3D1D-B116-2A1A2EBBF9C2} = {747BF0E8-63A0-3D1D-B116-2A1A2EBBF9C2}
	EndProjectSection
EndProject
Project("{8BC9CEB8-8B4A-11D0-8D11-00A0C91BC942}") = "gears", "examples\gears.vcxproj", "{FF63DB0F-C7BC-3C1C-9D1F-F76E05169E06}"
	ProjectSection(ProjectDependencies) = postProject
		{28FB5270-2AEC-3C7C-81B4-EDDE9614BC23} = {28FB5270-2AEC-3C7C-81B4-EDDE9614BC23}
		{747BF0E8-63A0-3D1D-B116-2A1A2EBBF9C2} = {747BF0E8-63A0-3D1D-B116-2A1A2EBBF9C2}
	EndProjectSection
EndProject
Project("{8BC9CEB8-8B4A-11D0-8D11-00A0C91BC942}") = "glfw", "src\glfw.vcxproj", "{747BF0E8-63A0-3D1D-B116-2A1A2EBBF9C2}"
	ProjectSection(ProjectDependencies) = postProject
		{28FB5270-2AEC-3C7C-81B4-EDDE9614BC23} = {28FB5270-2AEC-3C7C-81B4-EDDE9614BC23}
	EndProjectSection
EndProject
Project("{8BC9CEB8-8B4A-11D0-8D11-00A0C91BC942}") = "glfwinfo", "tests\glfwinfo.vcxproj", "{43E21F04-D2C6-363C-886B-C3210FCC9AF7}"
	ProjectSection(ProjectDependencies) = postProject
		{28FB5270-2AEC-3C7C-81B4-EDDE9614BC23} = {28FB5270-2AEC-3C7C-81B4-EDDE9614BC23}
		{747BF0E8-63A0-3D1D-B116-2A1A2EBBF9C2} = {747BF0E8-63A0-3D1D-B116-2A1A2EBBF9C2}
	EndProjectSection
EndProject
Project("{8BC9CEB8-8B4A-11D0-8D11-00A0C91BC942}") = "heightmap", "examples\heightmap.vcxproj", "{2483EA3E-0CEF-3789-8C77-F594DE3C5A80}"
	ProjectSection(ProjectDependencies) = postProject
		{28FB5270-2AEC-3C7C-81B4-EDDE9614BC23} = {28FB5270-2AEC-3C7C-81B4-EDDE9614BC23}
		{747BF0E8-63A0-3D1D-B116-2A1A2EBBF9C2} = {747BF0E8-63A0-3D1D-B116-2A1A2EBBF9C2}
	EndProjectSection
EndProject
Project("{8BC9CEB8-8B4A-11D0-8D11-00A0C91BC942}") = "icon", "tests\icon.vcxproj", "{D0EA2183-A82B-35C7-AA9F-D3306A480BA8}"
	ProjectSection(ProjectDependencies) = postProject
		{28FB5270-2AEC-3C7C-81B4-EDDE9614BC23} = {28FB5270-2AEC-3C7C-81B4-EDDE9614BC23}
		{747BF0E8-63A0-3D1D-B116-2A1A2EBBF9C2} = {747BF0E8-63A0-3D1D-B116-2A1A2EBBF9C2}
	EndProjectSection
EndProject
Project("{8BC9CEB8-8B4A-11D0-8D11-00A0C91BC942}") = "iconify", "tests\iconify.vcxproj", "{9C1336CF-2234-3859-94CD-C372E1498107}"
	ProjectSection(ProjectDependencies) = postProject
		{28FB5270-2AEC-3C7C-81B4-EDDE9614BC23} = {28FB5270-2AEC-3C7C-81B4-EDDE9614BC23}
		{747BF0E8-63A0-3D1D-B116-2A1A2EBBF9C2} = {747BF0E8-63A0-3D1D-B116-2A1A2EBBF9C2}
	EndProjectSection
EndProject
Project("{8BC9CEB8-8B4A-11D0-8D11-00A0C91BC942}") = "inputlag", "tests\inputlag.vcxproj", "{E1ABADB2-12B4-328B-9777-990408765FA2}"
	ProjectSection(ProjectDependencies) = postProject
		{28FB5270-2AEC-3C7C-81B4-EDDE9614BC23} = {28FB5270-2AEC-3C7C-81B4-EDDE9614BC23}
		{747BF0E8-63A0-3D1D-B116-2A1A2EBBF9C2} = {747BF0E8-63A0-3D1D-B116-2A1A2EBBF9C2}
	EndProjectSection
EndProject
Project("{8BC9CEB8-8B4A-11D0-8D11-00A0C91BC942}") = "joysticks", "tests\joysticks.vcxproj", "{17F4FF9C-E7C2-3CF2-8B20-FA5D991637C3}"
	ProjectSection(ProjectDependencies) = postProject
		{28FB5270-2AEC-3C7C-81B4-EDDE9614BC23} = {28FB5270-2AEC-3C7C-81B4-EDDE9614BC23}
		{747BF0E8-63A0-3D1D-B116-2A1A2EBBF9C2} = {747BF0E8-63A0-3D1D-B116-2A1A2EBBF9C2}
	EndProjectSection
EndProject
Project("{8BC9CEB8-8B4A-11D0-8D11-00A0C91BC942}") = "monitors", "tests\monitors.vcxproj", "{2EB818D0-E685-38FD-AEA8-4955F32EFBB3}"
	ProjectSection(ProjectDependencies) = postProject
		{28FB5270-2AEC-3C7C-81B4-EDDE9614BC23} = {28FB5270-2AEC-3C7C-81B4-EDDE9614BC23}
		{747BF0E8-63A0-3D1D-B116-2A1A2EBBF9C2} = {747BF0E8-63A0-3D1D-B116-2A1A2EBBF9C2}
	EndProjectSection
EndProject
Project("{8BC9CEB8-8B4A-11D0-8D11-00A0C91BC942}") = "msaa", "tests\msaa.vcxproj", "{917FC86F-9767-381C-BE6F-0B0AB50D895B}"
	ProjectSection(ProjectDependencies) = postProject
		{28FB5270-2AEC-3C7C-81B4-EDDE9614BC23} = {28FB5270-2AEC-3C7C-81B4-EDDE9614BC23}
		{747BF0E8-63A0-3D1D-B116-2A1A2EBBF9C2} = {747BF0E8-63A0-3D1D-B116-2A1A2EBBF9C2}
	EndProjectSection
EndProject
Project("{8BC9CEB8-8B4A-11D0-8D11-00A0C91BC942}") = "offscreen", "examples\offscreen.vcxproj", "{99DBA4CE-723F-3F86-B1F0-F17B63092A2F}"
	ProjectSection(ProjectDependencies) = postProject
		{28FB5270-2AEC-3C7C-81B4-EDDE9614BC23} = {28FB5270-2AEC-3C7C-81B4-EDDE9614BC23}
		{747BF0E8-63A0-3D1D-B116-2A1A2EBBF9C2} = {747BF0E8-63A0-3D1D-B116-2A1A2EBBF9C2}
	EndProjectSection
EndProject
Project("{8BC9CEB8-8B4A-11D0-8D11-00A0C91BC942}") = "opacity", "tests\opacity.vcxproj", "{0A27B54C-6DDD-3FDE-A102-84845D51FFCC}"
	ProjectSection(ProjectDependencies) = postProject
		{28FB5270-2AEC-3C7C-81B4-EDDE9614BC23} = {28FB5270-2AEC-3C7C-81B4-EDDE9614BC23}
		{747BF0E8-63A0-3D1D-B116-2A1A2EBBF9C2} = {747BF0E8-63A0-3D1D-B116-2A1A2EBBF9C2}
	EndProjectSection
EndProject
Project("{8BC9CEB8-8B4A-11D0-8D11-00A0C91BC942}") = "particles", "examples\particles.vcxproj", "{FE253D4E-17FF-333F-BD6B-C495F803F044}"
	ProjectSection(ProjectDependencies) = postProject
		{28FB5270-2AEC-3C7C-81B4-EDDE9614BC23} = {28FB5270-2AEC-3C7C-81B4-EDDE9614BC23}
		{747BF0E8-63A0-3D1D-B116-2A1A2EBBF9C2} = {747BF0E8-63A0-3D1D-B116-2A1A2EBBF9C2}
	EndProjectSection
EndProject
Project("{8BC9CEB8-8B4A-11D0-8D11-00A0C91BC942}") = "reopen", "tests\reopen.vcxproj", "{E537E081-95C5-3F65-9620-D7CD4578FD7B}"
	ProjectSection(ProjectDependencies) = postProject
		{28FB5270-2AEC-3C7C-81B4-EDDE9614BC23} = {28FB5270-2AEC-3C7C-81B4-EDDE9614BC23}
		{747BF0E8-63A0-3D1D-B116-2A1A2EBBF9C2} = {747BF0E8-63A0-3D1D-B116-2A1A2EBBF9C2}
	EndProjectSection
EndProject
Project("{8BC9CEB8-8B4A-11D0-8D11-00A0C91BC942}") = "sharing", "examples\sharing.vcxproj", "{EBC5210D-99AE-36E9-A963-47AD2976D3BF}"
	ProjectSection(ProjectDependencies) = postProject
		{28FB5270-2AEC-3C7C-81B4-EDDE9614BC23} = {28FB5270-2AEC-3C7C-81B4-EDDE9614BC23}
		{747BF0E8-63A0-3D1D-B116-2A1A2EBBF9C2} = {747BF0E8-63A0-3D1D-B116-2A1A2EBBF9C2}
	EndProjectSection
EndProject
Project("{8BC9CEB8-8B4A-11D0-8D11-00A0C91BC942}") = "simple", "examples\simple.vcxproj", "{C836F26B-4851-38D4-83DB-6D3C3A16256C}"
	ProjectSection(ProjectDependencies) = postProject
		{28FB5270-2AEC-3C7C-81B4-EDDE9614BC23} = {28FB5270-2AEC-3C7C-81B4-EDDE9614BC23}
		{747BF0E8-63A0-3D1D-B116-2A1A2EBBF9C2} = {747BF0E8-63A0-3D1D-B116-2A1A2EBBF9C2}
	EndProjectSection
EndProject
Project("{8BC9CEB8-8B4A-11D0-8D11-00A0C91BC942}") = "splitview", "examples\splitview.vcxproj", "{DA9AD6A9-8AA3-3DE6-9484-3A00F94CC4AE}"
	ProjectSection(ProjectDependencies) = postProject
		{28FB5270-2AEC-3C7C-81B4-EDDE9614BC23} = {28FB5270-2AEC-3C7C-81B4-EDDE9614BC23}
		{747BF0E8-63A0-3D1D-B116-2A1A2EBBF9C2} = {747BF0E8-63A0-3D1D-B116-2A1A2EBBF9C2}
	EndProjectSection
EndProject
Project("{8BC9CEB8-8B4A-11D0-8D11-00A0C91BC942}") = "tearing", "tests\tearing.vcxproj", "{9D28FFD3-20B3-3410-9BDD-D4C6CAA664A9}"
	ProjectSection(ProjectDependencies) = postProject
		{28FB5270-2AEC-3C7C-81B4-EDDE9614BC23} = {28FB5270-2AEC-3C7C-81B4-EDDE9614BC23}
		{747BF0E8-63A0-3D1D-B116-2A1A2EBBF9C2} = {747BF0E8-63A0-3D1D-B116-2A1A2EBBF9C2}
	EndProjectSection
EndProject
Project("{8BC9CEB8-8B4A-11D0-8D11-00A0C91BC942}") = "threads", "tests\threads.vcxproj", "{1725B873-9EA5-3B8F-8AE5-1133444D9BE7}"
	ProjectSection(ProjectDependencies) = postProject
		{28FB5270-2AEC-3C7C-81B4-EDDE9614BC23} = {28FB5270-2AEC-3C7C-81B4-EDDE9614BC23}
		{747BF0E8-63A0-3D1D-B116-2A1A2EBBF9C2} = {747BF0E8-63A0-3D1D-B116-2A1A2EBBF9C2}
	EndProjectSection
EndProject
Project("{8BC9CEB8-8B4A-11D0-8D11-00A0C91BC942}") = "timeout", "tests\timeout.vcxproj", "{5709F02A-86E0-35D6-8B50-44D4564D6B98}"
	ProjectSection(ProjectDependencies) = postProject
		{28FB5270-2AEC-3C7C-81B4-EDDE9614BC23} = {28FB5270-2AEC-3C7C-81B4-EDDE9614BC23}
		{747BF0E8-63A0-3D1D-B116-2A1A2EBBF9C2} = {747BF0E8-63A0-3D1D-B116-2A1A2EBBF9C2}
	EndProjectSection
EndProject
Project("{8BC9CEB8-8B4A-11D0-8D11-00A0C91BC942}") = "title", "tests\title.vcxproj", "{36DFFA72-7738-33CD-9526-07CCFD80A38A}"
	ProjectSection(ProjectDependencies) = postProject
		{28FB5270-2AEC-3C7C-81B4-EDDE9614BC23} = {28FB5270-2AEC-3C7C-81B4-EDDE9614BC23}
		{747BF0E8-63A0-3D1D-B116-2A1A2EBBF9C2} = {747BF0E8-63A0-3D1D-B116-2A1A2EBBF9C2}
	EndProjectSection
EndProject
Project("{8BC9CEB8-8B4A-11D0-8D11-00A0C91BC942}") = "triangle-vulkan", "tests\triangle-vulkan.vcxproj", "{4378B82E-F188-303C-A4B9-13D0CC9F61CB}"
	ProjectSection(ProjectDependencies) = postProject
		{28FB5270-2AEC-3C7C-81B4-EDDE9614BC23} = {28FB5270-2AEC-3C7C-81B4-EDDE9614BC23}
		{747BF0E8-63A0-3D1D-B116-2A1A2EBBF9C2} = {747BF0E8-63A0-3D1D-B116-2A1A2EBBF9C2}
	EndProjectSection
EndProject
Project("{8BC9CEB8-8B4A-11D0-8D11-00A0C91BC942}") = "uninstall", "uninstall.vcxproj", "{6196FFD7-5B97-3E96-9CE6-A336011C4F23}"
	ProjectSection(ProjectDependencies) = postProject
		{28FB5270-2AEC-3C7C-81B4-EDDE9614BC23} = {28FB5270-2AEC-3C7C-81B4-EDDE9614BC23}
	EndProjectSection
EndProject
Project("{8BC9CEB8-8B4A-11D0-8D11-00A0C91BC942}") = "update_mappings", "src\update_mappings.vcxproj", "{52D82EBE-A72C-3D33-A33F-1FC24CD0A9F2}"
	ProjectSection(ProjectDependencies) = postProject
		{28FB5270-2AEC-3C7C-81B4-EDDE9614BC23} = {28FB5270-2AEC-3C7C-81B4-EDDE9614BC23}
	EndProjectSection
EndProject
Project("{8BC9CEB8-8B4A-11D0-8D11-00A0C91BC942}") = "wave", "examples\wave.vcxproj", "{977CF379-6DE4-3CCD-A08A-E4E56E4717A5}"
	ProjectSection(ProjectDependencies) = postProject
		{28FB5270-2AEC-3C7C-81B4-EDDE9614BC23} = {28FB5270-2AEC-3C7C-81B4-EDDE9614BC23}
		{747BF0E8-63A0-3D1D-B116-2A1A2EBBF9C2} = {747BF0E8-63A0-3D1D-B116-2A1A2EBBF9C2}
	EndProjectSection
EndProject
Project("{8BC9CEB8-8B4A-11D0-8D11-00A0C91BC942}") = "windows", "tests\windows.vcxproj", "{9E6EEF32-11FB-37C2-AE99-EB6AEA751E4E}"
	ProjectSection(ProjectDependencies) = postProject
		{28FB5270-2AEC-3C7C-81B4-EDDE9614BC23} = {28FB5270-2AEC-3C7C-81B4-EDDE9614BC23}
		{747BF0E8-63A0-3D1D-B116-2A1A2EBBF9C2} = {747BF0E8-63A0-3D1D-B116-2A1A2EBBF9C2}
	EndProjectSection
EndProject
Global
	GlobalSection(SolutionConfigurationPlatforms) = preSolution
		Debug|x64 = Debug|x64
		Release|x64 = Release|x64
		MinSizeRel|x64 = MinSizeRel|x64
		RelWithDebInfo|x64 = RelWithDebInfo|x64
	EndGlobalSection
	GlobalSection(ProjectConfigurationPlatforms) = postSolution
		{BCED275B-7445-3815-AAAF-4C7504335E31}.Debug|x64.ActiveCfg = Debug|x64
		{BCED275B-7445-3815-AAAF-4C7504335E31}.Debug|x64.Build.0 = Debug|x64
		{BCED275B-7445-3815-AAAF-4C7504335E31}.Release|x64.ActiveCfg = Release|x64
		{BCED275B-7445-3815-AAAF-4C7504335E31}.Release|x64.Build.0 = Release|x64
		{BCED275B-7445-3815-AAAF-4C7504335E31}.MinSizeRel|x64.ActiveCfg = MinSizeRel|x64
		{BCED275B-7445-3815-AAAF-4C7504335E31}.MinSizeRel|x64.Build.0 = MinSizeRel|x64
		{BCED275B-7445-3815-AAAF-4C7504335E31}.RelWithDebInfo|x64.ActiveCfg = RelWithDebInfo|x64
		{BCED275B-7445-3815-AAAF-4C7504335E31}.RelWithDebInfo|x64.Build.0 = RelWithDebInfo|x64
		{ACBC5E01-C5E7-3429-91C9-B191FAAAC32E}.Debug|x64.ActiveCfg = Debug|x64
		{ACBC5E01-C5E7-3429-91C9-B191FAAAC32E}.Release|x64.ActiveCfg = Release|x64
		{ACBC5E01-C5E7-3429-91C9-B191FAAAC32E}.MinSizeRel|x64.ActiveCfg = MinSizeRel|x64
		{ACBC5E01-C5E7-3429-91C9-B191FAAAC32E}.RelWithDebInfo|x64.ActiveCfg = RelWithDebInfo|x64
		{28FB5270-2AEC-3C7C-81B4-EDDE9614BC23}.Debug|x64.ActiveCfg = Debug|x64
		{28FB5270-2AEC-3C7C-81B4-EDDE9614BC23}.Debug|x64.Build.0 = Debug|x64
		{28FB5270-2AEC-3C7C-81B4-EDDE9614BC23}.Release|x64.ActiveCfg = Release|x64
		{28FB5270-2AEC-3C7C-81B4-EDDE9614BC23}.Release|x64.Build.0 = Release|x64
		{28FB5270-2AEC-3C7C-81B4-EDDE9614BC23}.MinSizeRel|x64.ActiveCfg = MinSizeRel|x64
		{28FB5270-2AEC-3C7C-81B4-EDDE9614BC23}.MinSizeRel|x64.Build.0 = MinSizeRel|x64
		{28FB5270-2AEC-3C7C-81B4-EDDE9614BC23}.RelWithDebInfo|x64.ActiveCfg = RelWithDebInfo|x64
		{28FB5270-2AEC-3C7C-81B4-EDDE9614BC23}.RelWithDebInfo|x64.Build.0 = RelWithDebInfo|x64
		{84518B4A-A4F3-3EBE-BD69-A607D5596BC9}.Debug|x64.ActiveCfg = Debug|x64
		{84518B4A-A4F3-3EBE-BD69-A607D5596BC9}.Debug|x64.Build.0 = Debug|x64
		{84518B4A-A4F3-3EBE-BD69-A607D5596BC9}.Release|x64.ActiveCfg = Release|x64
		{84518B4A-A4F3-3EBE-BD69-A607D5596BC9}.Release|x64.Build.0 = Release|x64
		{84518B4A-A4F3-3EBE-BD69-A607D5596BC9}.MinSizeRel|x64.ActiveCfg = MinSizeRel|x64
		{84518B4A-A4F3-3EBE-BD69-A607D5596BC9}.MinSizeRel|x64.Build.0 = MinSizeRel|x64
		{84518B4A-A4F3-3EBE-BD69-A607D5596BC9}.RelWithDebInfo|x64.ActiveCfg = RelWithDebInfo|x64
		{84518B4A-A4F3-3EBE-BD69-A607D5596BC9}.RelWithDebInfo|x64.Build.0 = RelWithDebInfo|x64
		{75BEC9DB-1DC5-3683-A556-11AC26EAAFB4}.Debug|x64.ActiveCfg = Debug|x64
		{75BEC9DB-1DC5-3683-A556-11AC26EAAFB4}.Debug|x64.Build.0 = Debug|x64
		{75BEC9DB-1DC5-3683-A556-11AC26EAAFB4}.Release|x64.ActiveCfg = Release|x64
		{75BEC9DB-1DC5-3683-A556-11AC26EAAFB4}.Release|x64.Build.0 = Release|x64
		{75BEC9DB-1DC5-3683-A556-11AC26EAAFB4}.MinSizeRel|x64.ActiveCfg = MinSizeRel|x64
		{75BEC9DB-1DC5-3683-A556-11AC26EAAFB4}.MinSizeRel|x64.Build.0 = MinSizeRel|x64
		{75BEC9DB-1DC5-3683-A556-11AC26EAAFB4}.RelWithDebInfo|x64.ActiveCfg = RelWithDebInfo|x64
		{75BEC9DB-1DC5-3683-A556-11AC26EAAFB4}.RelWithDebInfo|x64.Build.0 = RelWithDebInfo|x64
		{BC78332E-5A92-3486-A26D-AB2613E762D6}.Debug|x64.ActiveCfg = Debug|x64
		{BC78332E-5A92-3486-A26D-AB2613E762D6}.Debug|x64.Build.0 = Debug|x64
		{BC78332E-5A92-3486-A26D-AB2613E762D6}.Release|x64.ActiveCfg = Release|x64
		{BC78332E-5A92-3486-A26D-AB2613E762D6}.Release|x64.Build.0 = Release|x64
		{BC78332E-5A92-3486-A26D-AB2613E762D6}.MinSizeRel|x64.ActiveCfg = MinSizeRel|x64
		{BC78332E-5A92-3486-A26D-AB2613E762D6}.MinSizeRel|x64.Build.0 = MinSizeRel|x64
		{BC78332E-5A92-3486-A26D-AB2613E762D6}.RelWithDebInfo|x64.ActiveCfg = RelWithDebInfo|x64
		{BC78332E-5A92-3486-A26D-AB2613E762D6}.RelWithDebInfo|x64.Build.0 = RelWithDebInfo|x64
		{08FD51B7-25E4-3B07-A38D-B2D3FD562C76}.Debug|x64.ActiveCfg = Debug|x64
		{08FD51B7-25E4-3B07-A38D-B2D3FD562C76}.Debug|x64.Build.0 = Debug|x64
		{08FD51B7-25E4-3B07-A38D-B2D3FD562C76}.Release|x64.ActiveCfg = Release|x64
		{08FD51B7-25E4-3B07-A38D-B2D3FD562C76}.Release|x64.Build.0 = Release|x64
		{08FD51B7-25E4-3B07-A38D-B2D3FD562C76}.MinSizeRel|x64.ActiveCfg = MinSizeRel|x64
		{08FD51B7-25E4-3B07-A38D-B2D3FD562C76}.MinSizeRel|x64.Build.0 = MinSizeRel|x64
		{08FD51B7-25E4-3B07-A38D-B2D3FD562C76}.RelWithDebInfo|x64.ActiveCfg = RelWithDebInfo|x64
		{08FD51B7-25E4-3B07-A38D-B2D3FD562C76}.RelWithDebInfo|x64.Build.0 = RelWithDebInfo|x64
		{F7ABB7A9-BA1F-3D53-8EE4-A799A668BA53}.Debug|x64.ActiveCfg = Debug|x64
		{F7ABB7A9-BA1F-3D53-8EE4-A799A668BA53}.Debug|x64.Build.0 = Debug|x64
		{F7ABB7A9-BA1F-3D53-8EE4-A799A668BA53}.Release|x64.ActiveCfg = Release|x64
		{F7ABB7A9-BA1F-3D53-8EE4-A799A668BA53}.Release|x64.Build.0 = Release|x64
		{F7ABB7A9-BA1F-3D53-8EE4-A799A668BA53}.MinSizeRel|x64.ActiveCfg = MinSizeRel|x64
		{F7ABB7A9-BA1F-3D53-8EE4-A799A668BA53}.MinSizeRel|x64.Build.0 = MinSizeRel|x64
		{F7ABB7A9-BA1F-3D53-8EE4-A799A668BA53}.RelWithDebInfo|x64.ActiveCfg = RelWithDebInfo|x64
		{F7ABB7A9-BA1F-3D53-8EE4-A799A668BA53}.RelWithDebInfo|x64.Build.0 = RelWithDebInfo|x64
		{A8C92DE7-7085-3962-A9F6-91BB1CE6AA14}.Debug|x64.ActiveCfg = Debug|x64
		{A8C92DE7-7085-3962-A9F6-91BB1CE6AA14}.Debug|x64.Build.0 = Debug|x64
		{A8C92DE7-7085-3962-A9F6-91BB1CE6AA14}.Release|x64.ActiveCfg = Release|x64
		{A8C92DE7-7085-3962-A9F6-91BB1CE6AA14}.Release|x64.Build.0 = Release|x64
		{A8C92DE7-7085-3962-A9F6-91BB1CE6AA14}.MinSizeRel|x64.ActiveCfg = MinSizeRel|x64
		{A8C92DE7-7085-3962-A9F6-91BB1CE6AA14}.MinSizeRel|x64.Build.0 = MinSizeRel|x64
		{A8C92DE7-7085-3962-A9F6-91BB1CE6AA14}.RelWithDebInfo|x64.ActiveCfg = RelWithDebInfo|x64
		{A8C92DE7-7085-3962-A9F6-91BB1CE6AA14}.RelWithDebInfo|x64.Build.0 = RelWithDebInfo|x64
		{FF63DB0F-C7BC-3C1C-9D1F-F76E05169E06}.Debug|x64.ActiveCfg = Debug|x64
		{FF63DB0F-C7BC-3C1C-9D1F-F76E05169E06}.Debug|x64.Build.0 = Debug|x64
		{FF63DB0F-C7BC-3C1C-9D1F-F76E05169E06}.Release|x64.ActiveCfg = Release|x64
		{FF63DB0F-C7BC-3C1C-9D1F-F76E05169E06}.Release|x64.Build.0 = Release|x64
		{FF63DB0F-C7BC-3C1C-9D1F-F76E05169E06}.MinSizeRel|x64.ActiveCfg = MinSizeRel|x64
		{FF63DB0F-C7BC-3C1C-9D1F-F76E05169E06}.MinSizeRel|x64.Build.0 = MinSizeRel|x64
		{FF63DB0F-C7BC-3C1C-9D1F-F76E05169E06}.RelWithDebInfo|x64.ActiveCfg = RelWithDebInfo|x64
		{FF63DB0F-C7BC-3C1C-9D1F-F76E05169E06}.RelWithDebInfo|x64.Build.0 = RelWithDebInfo|x64
		{747BF0E8-63A0-3D1D-B116-2A1A2EBBF9C2}.Debug|x64.ActiveCfg = Debug|x64
		{747BF0E8-63A0-3D1D-B116-2A1A2EBBF9C2}.Debug|x64.Build.0 = Debug|x64
		{747BF0E8-63A0-3D1D-B116-2A1A2EBBF9C2}.Release|x64.ActiveCfg = Release|x64
		{747BF0E8-63A0-3D1D-B116-2A1A2EBBF9C2}.Release|x64.Build.0 = Release|x64
		{747BF0E8-63A0-3D1D-B116-2A1A2EBBF9C2}.MinSizeRel|x64.ActiveCfg = MinSizeRel|x64
		{747BF0E8-63A0-3D1D-B116-2A1A2EBBF9C2}.MinSizeRel|x64.Build.0 = MinSizeRel|x64
		{747BF0E8-63A0-3D1D-B116-2A1A2EBBF9C2}.RelWithDebInfo|x64.ActiveCfg = RelWithDebInfo|x64
		{747BF0E8-63A0-3D1D-B116-2A1A2EBBF9C2}.RelWithDebInfo|x64.Build.0 = RelWithDebInfo|x64
		{43E21F04-D2C6-363C-886B-C3210FCC9AF7}.Debug|x64.ActiveCfg = Debug|x64
		{43E21F04-D2C6-363C-886B-C3210FCC9AF7}.Debug|x64.Build.0 = Debug|x64
		{43E21F04-D2C6-363C-886B-C3210FCC9AF7}.Release|x64.ActiveCfg = Release|x64
		{43E21F04-D2C6-363C-886B-C3210FCC9AF7}.Release|x64.Build.0 = Release|x64
		{43E21F04-D2C6-363C-886B-C3210FCC9AF7}.MinSizeRel|x64.ActiveCfg = MinSizeRel|x64
		{43E21F04-D2C6-363C-886B-C3210FCC9AF7}.MinSizeRel|x64.Build.0 = MinSizeRel|x64
		{43E21F04-D2C6-363C-886B-C3210FCC9AF7}.RelWithDebInfo|x64.ActiveCfg = RelWithDebInfo|x64
		{43E21F04-D2C6-363C-886B-C3210FCC9AF7}.RelWithDebInfo|x64.Build.0 = RelWithDebInfo|x64
		{2483EA3E-0CEF-3789-8C77-F594DE3C5A80}.Debug|x64.ActiveCfg = Debug|x64
		{2483EA3E-0CEF-3789-8C77-F594DE3C5A80}.Debug|x64.Build.0 = Debug|x64
		{2483EA3E-0CEF-3789-8C77-F594DE3C5A80}.Release|x64.ActiveCfg = Release|x64
		{2483EA3E-0CEF-3789-8C77-F594DE3C5A80}.Release|x64.Build.0 = Release|x64
		{2483EA3E-0CEF-3789-8C77-F594DE3C5A80}.MinSizeRel|x64.ActiveCfg = MinSizeRel|x64
		{2483EA3E-0CEF-3789-8C77-F594DE3C5A80}.MinSizeRel|x64.Build.0 = MinSizeRel|x64
		{2483EA3E-0CEF-3789-8C77-F594DE3C5A80}.RelWithDebInfo|x64.ActiveCfg = RelWithDebInfo|x64
		{2483EA3E-0CEF-3789-8C77-F594DE3C5A80}.RelWithDebInfo|x64.Build.0 = RelWithDebInfo|x64
		{D0EA2183-A82B-35C7-AA9F-D3306A480BA8}.Debug|x64.ActiveCfg = Debug|x64
		{D0EA2183-A82B-35C7-AA9F-D3306A480BA8}.Debug|x64.Build.0 = Debug|x64
		{D0EA2183-A82B-35C7-AA9F-D3306A480BA8}.Release|x64.ActiveCfg = Release|x64
		{D0EA2183-A82B-35C7-AA9F-D3306A480BA8}.Release|x64.Build.0 = Release|x64
		{D0EA2183-A82B-35C7-AA9F-D3306A480BA8}.MinSizeRel|x64.ActiveCfg = MinSizeRel|x64
		{D0EA2183-A82B-35C7-AA9F-D3306A480BA8}.MinSizeRel|x64.Build.0 = MinSizeRel|x64
		{D0EA2183-A82B-35C7-AA9F-D3306A480BA8}.RelWithDebInfo|x64.ActiveCfg = RelWithDebInfo|x64
		{D0EA2183-A82B-35C7-AA9F-D3306A480BA8}.RelWithDebInfo|x64.Build.0 = RelWithDebInfo|x64
		{9C1336CF-2234-3859-94CD-C372E1498107}.Debug|x64.ActiveCfg = Debug|x64
		{9C1336CF-2234-3859-94CD-C372E1498107}.Debug|x64.Build.0 = Debug|x64
		{9C1336CF-2234-3859-94CD-C372E1498107}.Release|x64.ActiveCfg = Release|x64
		{9C1336CF-2234-3859-94CD-C372E1498107}.Release|x64.Build.0 = Release|x64
		{9C1336CF-2234-3859-94CD-C372E1498107}.MinSizeRel|x64.ActiveCfg = MinSizeRel|x64
		{9C1336CF-2234-3859-94CD-C372E1498107}.MinSizeRel|x64.Build.0 = MinSizeRel|x64
		{9C1336CF-2234-3859-94CD-C372E1498107}.RelWithDebInfo|x64.ActiveCfg = RelWithDebInfo|x64
		{9C1336CF-2234-3859-94CD-C372E1498107}.RelWithDebInfo|x64.Build.0 = RelWithDebInfo|x64
		{E1ABADB2-12B4-328B-9777-990408765FA2}.Debug|x64.ActiveCfg = Debug|x64
		{E1ABADB2-12B4-328B-9777-990408765FA2}.Debug|x64.Build.0 = Debug|x64
		{E1ABADB2-12B4-328B-9777-990408765FA2}.Release|x64.ActiveCfg = Release|x64
		{E1ABADB2-12B4-328B-9777-990408765FA2}.Release|x64.Build.0 = Release|x64
		{E1ABADB2-12B4-328B-9777-990408765FA2}.MinSizeRel|x64.ActiveCfg = MinSizeRel|x64
		{E1ABADB2-12B4-328B-9777-990408765FA2}.MinSizeRel|x64.Build.0 = MinSizeRel|x64
		{E1ABADB2-12B4-328B-9777-990408765FA2}.RelWithDebInfo|x64.ActiveCfg = RelWithDebInfo|x64
		{E1ABADB2-12B4-328B-9777-990408765FA2}.RelWithDebInfo|x64.Build.0 = RelWithDebInfo|x64
		{17F4FF9C-E7C2-3CF2-8B20-FA5D991637C3}.Debug|x64.ActiveCfg = Debug|x64
		{17F4FF9C-E7C2-3CF2-8B20-FA5D991637C3}.Debug|x64.Build.0 = Debug|x64
		{17F4FF9C-E7C2-3CF2-8B20-FA5D991637C3}.Release|x64.ActiveCfg = Release|x64
		{17F4FF9C-E7C2-3CF2-8B20-FA5D991637C3}.Release|x64.Build.0 = Release|x64
		{17F4FF9C-E7C2-3CF2-8B20-FA5D991637C3}.MinSizeRel|x64.ActiveCfg = MinSizeRel|x64
		{17F4FF9C-E7C2-3CF2-8B20-FA5D991637C3}.MinSizeRel|x64.Build.0 = MinSizeRel|x64
		{17F4FF9C-E7C2-3CF2-8B20-FA5D991637C3}.RelWithDebInfo|x64.ActiveCfg = RelWithDebInfo|x64
		{17F4FF9C-E7C2-3CF2-8B20-FA5D991637C3}.RelWithDebInfo|x64.Build.0 = RelWithDebInfo|x64
		{2EB818D0-E685-38FD-AEA8-4955F32EFBB3}.Debug|x64.ActiveCfg = Debug|x64
		{2EB818D0-E685-38FD-AEA8-4955F32EFBB3}.Debug|x64.Build.0 = Debug|x64
		{2EB818D0-E685-38FD-AEA8-4955F32EFBB3}.Release|x64.ActiveCfg = Release|x64
		{2EB818D0-E685-38FD-AEA8-4955F32EFBB3}.Release|x64.Build.0 = Release|x64
		{2EB818D0-E685-38FD-AEA8-4955F32EFBB3}.MinSizeRel|x64.ActiveCfg = MinSizeRel|x64
		{2EB818D0-E685-38FD-AEA8-4955F32EFBB3}.MinSizeRel|x64.Build.0 = MinSizeRel|x64
		{2EB818D0-E685-38FD-AEA8-4955F32EFBB3}.RelWithDebInfo|x64.ActiveCfg = RelWithDebInfo|x64
		{2EB818D0-E685-38FD-AEA8-4955F32EFBB3}.RelWithDebInfo|x64.Build.0 = RelWithDebInfo|x64
		{917FC86F-9767-381C-BE6F-0B0AB50D895B}.Debug|x64.ActiveCfg = Debug|x64
		{917FC86F-9767-381C-BE6F-0B0AB50D895B}.Debug|x64.Build.0 = Debug|x64
		{917FC86F-9767-381C-BE6F-0B0AB50D895B}.Release|x64.ActiveCfg = Release|x64
		{917FC86F-9767-381C-BE6F-0B0AB50D895B}.Release|x64.Build.0 = Release|x64
		{917FC86F-9767-381C-BE6F-0B0AB50D895B}.MinSizeRel|x64.ActiveCfg = MinSizeRel|x64
		{917FC86F-9767-381C-BE6F-0B0AB50D895B}.MinSizeRel|x64.Build.0 = MinSizeRel|x64
		{917FC86F-9767-381C-BE6F-0B0AB50D895B}.RelWithDebInfo|x64.ActiveCfg = RelWithDebInfo|x64
		{917FC86F-9767-381C-BE6F-0B0AB50D895B}.RelWithDebInfo|x64.Build.0 = RelWithDebInfo|x64
		{99DBA4CE-723F-3F86-B1F0-F17B63092A2F}.Debug|x64.ActiveCfg = Debug|x64
		{99DBA4CE-723F-3F86-B1F0-F17B63092A2F}.Debug|x64.Build.0 = Debug|x64
		{99DBA4CE-723F-3F86-B1F0-F17B63092A2F}.Release|x64.ActiveCfg = Release|x64
		{99DBA4CE-723F-3F86-B1F0-F17B63092A2F}.Release|x64.Build.0 = Release|x64
		{99DBA4CE-723F-3F86-B1F0-F17B63092A2F}.MinSizeRel|x64.ActiveCfg = MinSizeRel|x64
		{99DBA4CE-723F-3F86-B1F0-F17B63092A2F}.MinSizeRel|x64.Build.0 = MinSizeRel|x64
		{99DBA4CE-723F-3F86-B1F0-F17B63092A2F}.RelWithDebInfo|x64.ActiveCfg = RelWithDebInfo|x64
		{99DBA4CE-723F-3F86-B1F0-F17B63092A2F}.RelWithDebInfo|x64.Build.0 = RelWithDebInfo|x64
		{0A27B54C-6DDD-3FDE-A102-84845D51FFCC}.Debug|x64.ActiveCfg = Debug|x64
		{0A27B54C-6DDD-3FDE-A102-84845D51FFCC}.Debug|x64.Build.0 = Debug|x64
		{0A27B54C-6DDD-3FDE-A102-84845D51FFCC}.Release|x64.ActiveCfg = Release|x64
		{0A27B54C-6DDD-3FDE-A102-84845D51FFCC}.Release|x64.Build.0 = Release|x64
		{0A27B54C-6DDD-3FDE-A102-84845D51FFCC}.MinSizeRel|x64.ActiveCfg = MinSizeRel|x64
		{0A27B54C-6DDD-3FDE-A102-84845D51FFCC}.MinSizeRel|x64.Build.0 = MinSizeRel|x64
		{0A27B54C-6DDD-3FDE-A102-84845D51FFCC}.RelWithDebInfo|x64.ActiveCfg = RelWithDebInfo|x64
		{0A27B54C-6DDD-3FDE-A102-84845D51FFCC}.RelWithDebInfo|x64.Build.0 = RelWithDebInfo|x64
		{FE253D4E-17FF-333F-BD6B-C495F803F044}.Debug|x64.ActiveCfg = Debug|x64
		{FE253D4E-17FF-333F-BD6B-C495F803F044}.Debug|x64.Build.0 = Debug|x64
		{FE253D4E-17FF-333F-BD6B-C495F803F044}.Release|x64.ActiveCfg = Release|x64
		{FE253D4E-17FF-333F-BD6B-C495F803F044}.Release|x64.Build.0 = Release|x64
		{FE253D4E-17FF-333F-BD6B-C495F803F044}.MinSizeRel|x64.ActiveCfg = MinSizeRel|x64
		{FE253D4E-17FF-333F-BD6B-C495F803F044}.MinSizeRel|x64.Build.0 = MinSizeRel|x64
		{FE253D4E-17FF-333F-BD6B-C495F803F044}.RelWithDebInfo|x64.ActiveCfg = RelWithDebInfo|x64
		{FE253D4E-17FF-333F-BD6B-C495F803F044}.RelWithDebInfo|x64.Build.0 = RelWithDebInfo|x64
		{E537E081-95C5-3F65-9620-D7CD4578FD7B}.Debug|x64.ActiveCfg = Debug|x64
		{E537E081-95C5-3F65-9620-D7CD4578FD7B}.Debug|x64.Build.0 = Debug|x64
		{E537E081-95C5-3F65-9620-D7CD4578FD7B}.Release|x64.ActiveCfg = Release|x64
		{E537E081-95C5-3F65-9620-D7CD4578FD7B}.Release|x64.Build.0 = Release|x64
		{E537E081-95C5-3F65-9620-D7CD4578FD7B}.MinSizeRel|x64.ActiveCfg = MinSizeRel|x64
		{E537E081-95C5-3F65-9620-D7CD4578FD7B}.MinSizeRel|x64.Build.0 = MinSizeRel|x64
		{E537E081-95C5-3F65-9620-D7CD4578FD7B}.RelWithDebInfo|x64.ActiveCfg = RelWithDebInfo|x64
		{E537E081-95C5-3F65-9620-D7CD4578FD7B}.RelWithDebInfo|x64.Build.0 = RelWithDebInfo|x64
		{EBC5210D-99AE-36E9-A963-47AD2976D3BF}.Debug|x64.ActiveCfg = Debug|x64
		{EBC5210D-99AE-36E9-A963-47AD2976D3BF}.Debug|x64.Build.0 = Debug|x64
		{EBC5210D-99AE-36E9-A963-47AD2976D3BF}.Release|x64.ActiveCfg = Release|x64
		{EBC5210D-99AE-36E9-A963-47AD2976D3BF}.Release|x64.Build.0 = Release|x64
		{EBC5210D-99AE-36E9-A963-47AD2976D3BF}.MinSizeRel|x64.ActiveCfg = MinSizeRel|x64
		{EBC5210D-99AE-36E9-A963-47AD2976D3BF}.MinSizeRel|x64.Build.0 = MinSizeRel|x64
		{EBC5210D-99AE-36E9-A963-47AD2976D3BF}.RelWithDebInfo|x64.ActiveCfg = RelWithDebInfo|x64
		{EBC5210D-99AE-36E9-A963-47AD2976D3BF}.RelWithDebInfo|x64.Build.0 = RelWithDebInfo|x64
		{C836F26B-4851-38D4-83DB-6D3C3A16256C}.Debug|x64.ActiveCfg = Debug|x64
		{C836F26B-4851-38D4-83DB-6D3C3A16256C}.Debug|x64.Build.0 = Debug|x64
		{C836F26B-4851-38D4-83DB-6D3C3A16256C}.Release|x64.ActiveCfg = Release|x64
		{C836F26B-4851-38D4-83DB-6D3C3A16256C}.Release|x64.Build.0 = Release|x64
		{C836F26B-4851-38D4-83DB-6D3C3A16256C}.MinSizeRel|x64.ActiveCfg = MinSizeRel|x64
		{C836F26B-4851-38D4-83DB-6D3C3A16256C}.MinSizeRel|x64.Build.0 = MinSizeRel|x64
		{C836F26B-4851-38D4-83DB-6D3C3A16256C}.RelWithDebInfo|x64.ActiveCfg = RelWithDebInfo|x64
		{C836F26B-4851-38D4-83DB-6D3C3A16256C}.RelWithDebInfo|x64.Build.0 = RelWithDebInfo|x64
		{DA9AD6A9-8AA3-3DE6-9484-3A00F94CC4AE}.Debug|x64.ActiveCfg = Debug|x64
		{DA9AD6A9-8AA3-3DE6-9484-3A00F94CC4AE}.Debug|x64.Build.0 = Debug|x64
		{DA9AD6A9-8AA3-3DE6-9484-3A00F94CC4AE}.Release|x64.ActiveCfg = Release|x64
		{DA9AD6A9-8AA3-3DE6-9484-3A00F94CC4AE}.Release|x64.Build.0 = Release|x64
		{DA9AD6A9-8AA3-3DE6-9484-3A00F94CC4AE}.MinSizeRel|x64.ActiveCfg = MinSizeRel|x64
		{DA9AD6A9-8AA3-3DE6-9484-3A00F94CC4AE}.MinSizeRel|x64.Build.0 = MinSizeRel|x64
		{DA9AD6A9-8AA3-3DE6-9484-3A00F94CC4AE}.RelWithDebInfo|x64.ActiveCfg = RelWithDebInfo|x64
		{DA9AD6A9-8AA3-3DE6-9484-3A00F94CC4AE}.RelWithDebInfo|x64.Build.0 = RelWithDebInfo|x64
		{9D28FFD3-20B3-3410-9BDD-D4C6CAA664A9}.Debug|x64.ActiveCfg = Debug|x64
		{9D28FFD3-20B3-3410-9BDD-D4C6CAA664A9}.Debug|x64.Build.0 = Debug|x64
		{9D28FFD3-20B3-3410-9BDD-D4C6CAA664A9}.Release|x64.ActiveCfg = Release|x64
		{9D28FFD3-20B3-3410-9BDD-D4C6CAA664A9}.Release|x64.Build.0 = Release|x64
		{9D28FFD3-20B3-3410-9BDD-D4C6CAA664A9}.MinSizeRel|x64.ActiveCfg = MinSizeRel|x64
		{9D28FFD3-20B3-3410-9BDD-D4C6CAA664A9}.MinSizeRel|x64.Build.0 = MinSizeRel|x64
		{9D28FFD3-20B3-3410-9BDD-D4C6CAA664A9}.RelWithDebInfo|x64.ActiveCfg = RelWithDebInfo|x64
		{9D28FFD3-20B3-3410-9BDD-D4C6CAA664A9}.RelWithDebInfo|x64.Build.0 = RelWithDebInfo|x64
		{1725B873-9EA5-3B8F-8AE5-1133444D9BE7}.Debug|x64.ActiveCfg = Debug|x64
		{1725B873-9EA5-3B8F-8AE5-1133444D9BE7}.Debug|x64.Build.0 = Debug|x64
		{1725B873-9EA5-3B8F-8AE5-1133444D9BE7}.Release|x64.ActiveCfg = Release|x64
		{1725B873-9EA5-3B8F-8AE5-1133444D9BE7}.Release|x64.Build.0 = Release|x64
		{1725B873-9EA5-3B8F-8AE5-1133444D9BE7}.MinSizeRel|x64.ActiveCfg = MinSizeRel|x64
		{1725B873-9EA5-3B8F-8AE5-1133444D9BE7}.MinSizeRel|x64.Build.0 = MinSizeRel|x64
		{1725B873-9EA5-3B8F-8AE5-1133444D9BE7}.RelWithDebInfo|x64.ActiveCfg = RelWithDebInfo|x64
		{1725B873-9EA5-3B8F-8AE5-1133444D9BE7}.RelWithDebInfo|x64.Build.0 = RelWithDebInfo|x64
		{5709F02A-86E0-35D6-8B50-44D4564D6B98}.Debug|x64.ActiveCfg = Debug|x64
		{5709F02A-86E0-35D6-8B50-44D4564D6B98}.Debug|x64.Build.0 = Debug|x64
		{5709F02A-86E0-35D6-8B50-44D4564D6B98}.Release|x64.ActiveCfg = Release|x64
		{5709F02A-86E0-35D6-8B50-44D4564D6B98}.Release|x64.Build.0 = Release|x64
		{5709F02A-86E0-35D6-8B50-44D4564D6B98}.MinSizeRel|x64.ActiveCfg = MinSizeRel|x64
		{5709F02A-86E0-35D6-8B50-44D4564D6B98}.MinSizeRel|x64.Build.0 = MinSizeRel|x64
		{5709F02A-86E0-35D6-8B50-44D4564D6B98}.RelWithDebInfo|x64.ActiveCfg = RelWithDebInfo|x64
		{5709F02A-86E0-35D6-8B50-44D4564D6B98}.RelWithDebInfo|x64.Build.0 = RelWithDebInfo|x64
		{36DFFA72-7738-33CD-9526-07CCFD80A38A}.Debug|x64.ActiveCfg = Debug|x64
		{36DFFA72-7738-33CD-9526-07CCFD80A38A}.Debug|x64.Build.0 = Debug|x64
		{36DFFA72-7738-33CD-9526-07CCFD80A38A}.Release|x64.ActiveCfg = Release|x64
		{36DFFA72-7738-33CD-9526-07CCFD80A38A}.Release|x64.Build.0 = Release|x64
		{36DFFA72-7738-33CD-9526-07CCFD80A38A}.MinSizeRel|x64.ActiveCfg = MinSizeRel|x64
		{36DFFA72-7738-33CD-9526-07CCFD80A38A}.MinSizeRel|x64.Build.0 = MinSizeRel|x64
		{36DFFA72-7738-33CD-9526-07CCFD80A38A}.RelWithDebInfo|x64.ActiveCfg = RelWithDebInfo|x64
		{36DFFA72-7738-33CD-9526-07CCFD80A38A}.RelWithDebInfo|x64.Build.0 = RelWithDebInfo|x64
		{4378B82E-F188-303C-A4B9-13D0CC9F61CB}.Debug|x64.ActiveCfg = Debug|x64
		{4378B82E-F188-303C-A4B9-13D0CC9F61CB}.Debug|x64.Build.0 = Debug|x64
		{4378B82E-F188-303C-A4B9-13D0CC9F61CB}.Release|x64.ActiveCfg = Release|x64
		{4378B82E-F188-303C-A4B9-13D0CC9F61CB}.Release|x64.Build.0 = Release|x64
		{4378B82E-F188-303C-A4B9-13D0CC9F61CB}.MinSizeRel|x64.ActiveCfg = MinSizeRel|x64
		{4378B82E-F188-303C-A4B9-13D0CC9F61CB}.MinSizeRel|x64.Build.0 = MinSizeRel|x64
		{4378B82E-F188-303C-A4B9-13D0CC9F61CB}.RelWithDebInfo|x64.ActiveCfg = RelWithDebInfo|x64
		{4378B82E-F188-303C-A4B9-13D0CC9F61CB}.RelWithDebInfo|x64.Build.0 = RelWithDebInfo|x64
		{6196FFD7-5B97-3E96-9CE6-A336011C4F23}.Debug|x64.ActiveCfg = Debug|x64
		{6196FFD7-5B97-3E96-9CE6-A336011C4F23}.Release|x64.ActiveCfg = Release|x64
		{6196FFD7-5B97-3E96-9CE6-A336011C4F23}.MinSizeRel|x64.ActiveCfg = MinSizeRel|x64
		{6196FFD7-5B97-3E96-9CE6-A336011C4F23}.RelWithDebInfo|x64.ActiveCfg = RelWithDebInfo|x64
		{52D82EBE-A72C-3D33-A33F-1FC24CD0A9F2}.Debug|x64.ActiveCfg = Debug|x64
		{52D82EBE-A72C-3D33-A33F-1FC24CD0A9F2}.Release|x64.ActiveCfg = Release|x64
		{52D82EBE-A72C-3D33-A33F-1FC24CD0A9F2}.MinSizeRel|x64.ActiveCfg = MinSizeRel|x64
		{52D82EBE-A72C-3D33-A33F-1FC24CD0A9F2}.RelWithDebInfo|x64.ActiveCfg = RelWithDebInfo|x64
		{977CF379-6DE4-3CCD-A08A-E4E56E4717A5}.Debug|x64.ActiveCfg = Debug|x64
		{977CF379-6DE4-3CCD-A08A-E4E56E4717A5}.Debug|x64.Build.0 = Debug|x64
		{977CF379-6DE4-3CCD-A08A-E4E56E4717A5}.Release|x64.ActiveCfg = Release|x64
		{977CF379-6DE4-3CCD-A08A-E4E56E4717A5}.Release|x64.Build.0 = Release|x64
		{977CF379-6DE4-3CCD-A08A-E4E56E4717A5}.MinSizeRel|x64.ActiveCfg = MinSizeRel|x64
		{977CF379-6DE4-3CCD-A08A-E4E56E4717A5}.MinSizeRel|x64.Build.0 = MinSizeRel|x64
		{977CF379-6DE4-3CCD-A08A-E4E56E4717A5}.RelWithDebInfo|x64.ActiveCfg = RelWithDebInfo|x64
		{977CF379-6DE4-3CCD-A08A-E4E56E4717A5}.RelWithDebInfo|x64.Build.0 = RelWithDebInfo|x64
		{9E6EEF32-11FB-37C2-AE99-EB6AEA751E4E}.Debug|x64.ActiveCfg = Debug|x64
		{9E6EEF32-11FB-37C2-AE99-EB6AEA751E4E}.Debug|x64.Build.0 = Debug|x64
		{9E6EEF32-11FB-37C2-AE99-EB6AEA751E4E}.Release|x64.ActiveCfg = Release|x64
		{9E6EEF32-11FB-37C2-AE99-EB6AEA751E4E}.Release|x64.Build.0 = Release|x64
		{9E6EEF32-11FB-37C2-AE99-EB6AEA751E4E}.MinSizeRel|x64.ActiveCfg = MinSizeRel|x64
		{9E6EEF32-11FB-37C2-AE99-EB6AEA751E4E}.MinSizeRel|x64.Build.0 = MinSizeRel|x64
		{9E6EEF32-11FB-37C2-AE99-EB6AEA751E4E}.RelWithDebInfo|x64.ActiveCfg = RelWithDebInfo|x64
		{9E6EEF32-11FB-37C2-AE99-EB6AEA751E4E}.RelWithDebInfo|x64.Build.0 = RelWithDebInfo|x64
	EndGlobalSection
	GlobalSection(NestedProjects) = preSolution
		{BCED275B-7445-3815-AAAF-4C7504335E31} = {DFD6ECA1-8BEC-3FD0-B95E-E130C4C79C86}
		{ACBC5E01-C5E7-3429-91C9-B191FAAAC32E} = {DFD6ECA1-8BEC-3FD0-B95E-E130C4C79C86}
		{28FB5270-2AEC-3C7C-81B4-EDDE9614BC23} = {DFD6ECA1-8BEC-3FD0-B95E-E130C4C79C86}
		{D6726C1B-3611-3DAE-BB91-447D81FC5451} = {26E594F6-A252-309D-BD89-E7D9A3E8C340}
		{7CA3CD1D-9095-32DF-8336-9CF21414F4AE} = {26E594F6-A252-309D-BD89-E7D9A3E8C340}
		{747BF0E8-63A0-3D1D-B116-2A1A2EBBF9C2} = {26E594F6-A252-309D-BD89-E7D9A3E8C340}
		{6196FFD7-5B97-3E96-9CE6-A336011C4F23} = {26E594F6-A252-309D-BD89-E7D9A3E8C340}
		{52D82EBE-A72C-3D33-A33F-1FC24CD0A9F2} = {26E594F6-A252-309D-BD89-E7D9A3E8C340}
		{84518B4A-A4F3-3EBE-BD69-A607D5596BC9} = {D6726C1B-3611-3DAE-BB91-447D81FC5451}
		{FF63DB0F-C7BC-3C1C-9D1F-F76E05169E06} = {D6726C1B-3611-3DAE-BB91-447D81FC5451}
		{2483EA3E-0CEF-3789-8C77-F594DE3C5A80} = {D6726C1B-3611-3DAE-BB91-447D81FC5451}
		{99DBA4CE-723F-3F86-B1F0-F17B63092A2F} = {D6726C1B-3611-3DAE-BB91-447D81FC5451}
		{FE253D4E-17FF-333F-BD6B-C495F803F044} = {D6726C1B-3611-3DAE-BB91-447D81FC5451}
		{EBC5210D-99AE-36E9-A963-47AD2976D3BF} = {D6726C1B-3611-3DAE-BB91-447D81FC5451}
		{C836F26B-4851-38D4-83DB-6D3C3A16256C} = {D6726C1B-3611-3DAE-BB91-447D81FC5451}
		{DA9AD6A9-8AA3-3DE6-9484-3A00F94CC4AE} = {D6726C1B-3611-3DAE-BB91-447D81FC5451}
		{977CF379-6DE4-3CCD-A08A-E4E56E4717A5} = {D6726C1B-3611-3DAE-BB91-447D81FC5451}
		{75BEC9DB-1DC5-3683-A556-11AC26EAAFB4} = {7CA3CD1D-9095-32DF-8336-9CF21414F4AE}
		{BC78332E-5A92-3486-A26D-AB2613E762D6} = {7CA3CD1D-9095-32DF-8336-9CF21414F4AE}
		{08FD51B7-25E4-3B07-A38D-B2D3FD562C76} = {7CA3CD1D-9095-32DF-8336-9CF21414F4AE}
		{F7ABB7A9-BA1F-3D53-8EE4-A799A668BA53} = {7CA3CD1D-9095-32DF-8336-9CF21414F4AE}
		{A8C92DE7-7085-3962-A9F6-91BB1CE6AA14} = {7CA3CD1D-9095-32DF-8336-9CF21414F4AE}
		{43E21F04-D2C6-363C-886B-C3210FCC9AF7} = {7CA3CD1D-9095-32DF-8336-9CF21414F4AE}
		{D0EA2183-A82B-35C7-AA9F-D3306A480BA8} = {7CA3CD1D-9095-32DF-8336-9CF21414F4AE}
		{9C1336CF-2234-3859-94CD-C372E1498107} = {7CA3CD1D-9095-32DF-8336-9CF21414F4AE}
		{E1ABADB2-12B4-328B-9777-990408765FA2} = {7CA3CD1D-9095-32DF-8336-9CF21414F4AE}
		{17F4FF9C-E7C2-3CF2-8B20-FA5D991637C3} = {7CA3CD1D-9095-32DF-8336-9CF21414F4AE}
		{2EB818D0-E685-38FD-AEA8-4955F32EFBB3} = {7CA3CD1D-9095-32DF-8336-9CF21414F4AE}
		{917FC86F-9767-381C-BE6F-0B0AB50D895B} = {7CA3CD1D-9095-32DF-8336-9CF21414F4AE}
		{0A27B54C-6DDD-3FDE-A102-84845D51FFCC} = {7CA3CD1D-9095-32DF-8336-9CF21414F4AE}
		{E537E081-95C5-3F65-9620-D7CD4578FD7B} = {7CA3CD1D-9095-32DF-8336-9CF21414F4AE}
		{9D28FFD3-20B3-3410-9BDD-D4C6CAA664A9} = {7CA3CD1D-9095-32DF-8336-9CF21414F4AE}
		{1725B873-9EA5-3B8F-8AE5-1133444D9BE7} = {7CA3CD1D-9095-32DF-8336-9CF21414F4AE}
		{5709F02A-86E0-35D6-8B50-44D4564D6B98} = {7CA3CD1D-9095-32DF-8336-9CF21414F4AE}
		{36DFFA72-7738-33CD-9526-07CCFD80A38A} = {7CA3CD1D-9095-32DF-8336-9CF21414F4AE}
		{4378B82E-F188-303C-A4B9-13D0CC9F61CB} = {7CA3CD1D-9095-32DF-8336-9CF21414F4AE}
		{9E6EEF32-11FB-37C2-AE99-EB6AEA751E4E} = {7CA3CD1D-9095-32DF-8336-9CF21414F4AE}
	EndGlobalSection
	GlobalSection(ExtensibilityGlobals) = postSolution
		SolutionGuid = {BA2C97F1-54E2-35D4-8676-148263C178CF}
	EndGlobalSection
	GlobalSection(ExtensibilityAddIns) = postSolution
	EndGlobalSection
EndGlobal
