<?xml version="1.0" encoding="utf-8"?>
<Project ToolsVersion="16.0" xmlns="http://schemas.microsoft.com/developer/msbuild/2003">
  <ItemGroup>
    <ClCompile Include="D:\cppworkspace\opengl_learn\glfw-3.3.8\tests\gamma.c">
      <Filter>Source Files</Filter>
    </ClCompile>
    <ClCompile Include="D:\cppworkspace\opengl_learn\glfw-3.3.8\deps\glad_gl.c">
      <Filter>Source Files</Filter>
    </ClCompile>
  </ItemGroup>
  <ItemGroup>
    <ClInclude Include="D:\cppworkspace\opengl_learn\glfw-3.3.8\deps\glad\gl.h">
      <Filter>Header Files</Filter>
    </ClInclude>
  </ItemGroup>
  <ItemGroup>
    <CustomBuild Include="D:\cppworkspace\opengl_learn\glfw-3.3.8\tests\CMakeLists.txt" />
  </ItemGroup>
  <ItemGroup>
    <Filter Include="Header Files">
      <UniqueIdentifier>{81CBAC46-BA12-3834-97B1-BDBED2D25629}</UniqueIdentifier>
    </Filter>
    <Filter Include="Source Files">
      <UniqueIdentifier>{4EE4D0CC-AD34-348B-8DF7-368D96BA4A38}</UniqueIdentifier>
    </Filter>
  </ItemGroup>
</Project>
